// !$*UTF8*$!
{
	archiveVersion = 1;
	classes = {
	};
	objectVersion = 56;
	objects = {

/* Begin PBXBuildFile section */
		AA3774F22A68E81F005790E6 /* MainManagerService.swift in Sources */ = {isa = PBXBuildFile; fileRef = AA3774F12A68E81F005790E6 /* MainManagerService.swift */; };
		AA63B3072A68EF6F00E3E2AE /* Pokemon.swift in Sources */ = {isa = PBXBuildFile; fileRef = AA63B3062A68EF6F00E3E2AE /* Pokemon.swift */; };
		AA63B30D2A68EFE900E3E2AE /* Language.swift in Sources */ = {isa = PBXBuildFile; fileRef = AA63B3082A68EFE800E3E2AE /* Language.swift */; };
		AA63B30E2A68EFE900E3E2AE /* Names.swift in Sources */ = {isa = PBXBuildFile; fileRef = AA63B3092A68EFE900E3E2AE /* Names.swift */; };
		AA63B30F2A68EFE900E3E2AE /* Descriptions.swift in Sources */ = {isa = PBXBuildFile; fileRef = AA63B30A2A68EFE900E3E2AE /* Descriptions.swift */; };
		AA63B3102A68EFE900E3E2AE /* Pokemon_entries.swift in Sources */ = {isa = PBXBuildFile; fileRef = AA63B30B2A68EFE900E3E2AE /* Pokemon_entries.swift */; };
		AA63B3112A68EFE900E3E2AE /* Pokemon_species.swift in Sources */ = {isa = PBXBuildFile; fileRef = AA63B30C2A68EFE900E3E2AE /* Pokemon_species.swift */; };
		AAF559962A66460200FC8529 /* AppDelegate.swift in Sources */ = {isa = PBXBuildFile; fileRef = AAF559952A66460200FC8529 /* AppDelegate.swift */; };
		AAF559982A66460200FC8529 /* SceneDelegate.swift in Sources */ = {isa = PBXBuildFile; fileRef = AAF559972A66460200FC8529 /* SceneDelegate.swift */; };
		AAF5599A2A66460200FC8529 /* ViewController.swift in Sources */ = {isa = PBXBuildFile; fileRef = AAF559992A66460200FC8529 /* ViewController.swift */; };
		AAF5599D2A66460200FC8529 /* Main.storyboard in Resources */ = {isa = PBXBuildFile; fileRef = AAF5599B2A66460200FC8529 /* Main.storyboard */; };
		AAF5599F2A66460600FC8529 /* Assets.xcassets in Resources */ = {isa = PBXBuildFile; fileRef = AAF5599E2A66460600FC8529 /* Assets.xcassets */; };
		AAF559A22A66460600FC8529 /* LaunchScreen.storyboard in Resources */ = {isa = PBXBuildFile; fileRef = AAF559A02A66460600FC8529 /* LaunchScreen.storyboard */; };
		AAF559AF2A66468D00FC8529 /* AllPokemonViewController.swift in Sources */ = {isa = PBXBuildFile; fileRef = AAF559AD2A66468D00FC8529 /* AllPokemonViewController.swift */; };
		AAF559B02A66468D00FC8529 /* AllPokemonViewController.xib in Resources */ = {isa = PBXBuildFile; fileRef = AAF559AE2A66468D00FC8529 /* AllPokemonViewController.xib */; };
		AAF559B62A6647C400FC8529 /* PokemonListTableViewCell.swift in Sources */ = {isa = PBXBuildFile; fileRef = AAF559B42A6647C400FC8529 /* PokemonListTableViewCell.swift */; };
		AAF559B72A6647C400FC8529 /* PokemonListTableViewCell.xib in Resources */ = {isa = PBXBuildFile; fileRef = AAF559B52A6647C400FC8529 /* PokemonListTableViewCell.xib */; };
		AAF559B92A66490F00FC8529 /* AllPokemonViewControllerExtesion.swift in Sources */ = {isa = PBXBuildFile; fileRef = AAF559B82A66490F00FC8529 /* AllPokemonViewControllerExtesion.swift */; };
		AAF559BD2A664A9800FC8529 /* Extension.swift in Sources */ = {isa = PBXBuildFile; fileRef = AAF559BC2A664A9800FC8529 /* Extension.swift */; };
		AAF559C02A664F4000FC8529 /* Alamofire in Frameworks */ = {isa = PBXBuildFile; productRef = AAF559BF2A664F4000FC8529 /* Alamofire */; };
/* End PBXBuildFile section */

/* Begin PBXFileReference section */
		AA3774F12A68E81F005790E6 /* MainManagerService.swift */ = {isa = PBXFileReference; lastKnownFileType = sourcecode.swift; path = MainManagerService.swift; sourceTree = "<group>"; };
		AA63B3062A68EF6F00E3E2AE /* Pokemon.swift */ = {isa = PBXFileReference; lastKnownFileType = sourcecode.swift; path = Pokemon.swift; sourceTree = "<group>"; };
		AA63B3082A68EFE800E3E2AE /* Language.swift */ = {isa = PBXFileReference; fileEncoding = 4; lastKnownFileType = sourcecode.swift; path = Language.swift; sourceTree = "<group>"; };
		AA63B3092A68EFE900E3E2AE /* Names.swift */ = {isa = PBXFileReference; fileEncoding = 4; lastKnownFileType = sourcecode.swift; path = Names.swift; sourceTree = "<group>"; };
		AA63B30A2A68EFE900E3E2AE /* Descriptions.swift */ = {isa = PBXFileReference; fileEncoding = 4; lastKnownFileType = sourcecode.swift; path = Descriptions.swift; sourceTree = "<group>"; };
		AA63B30B2A68EFE900E3E2AE /* Pokemon_entries.swift */ = {isa = PBXFileReference; fileEncoding = 4; lastKnownFileType = sourcecode.swift; path = Pokemon_entries.swift; sourceTree = "<group>"; };
		AA63B30C2A68EFE900E3E2AE /* Pokemon_species.swift */ = {isa = PBXFileReference; fileEncoding = 4; lastKnownFileType = sourcecode.swift; path = Pokemon_species.swift; sourceTree = "<group>"; };
		AAF559922A66460200FC8529 /* Pokedex.app */ = {isa = PBXFileReference; explicitFileType = wrapper.application; includeInIndex = 0; path = Pokedex.app; sourceTree = BUILT_PRODUCTS_DIR; };
		AAF559952A66460200FC8529 /* AppDelegate.swift */ = {isa = PBXFileReference; lastKnownFileType = sourcecode.swift; path = AppDelegate.swift; sourceTree = "<group>"; };
		AAF559972A66460200FC8529 /* SceneDelegate.swift */ = {isa = PBXFileReference; lastKnownFileType = sourcecode.swift; path = SceneDelegate.swift; sourceTree = "<group>"; };
		AAF559992A66460200FC8529 /* ViewController.swift */ = {isa = PBXFileReference; lastKnownFileType = sourcecode.swift; path = ViewController.swift; sourceTree = "<group>"; };
		AAF5599C2A66460200FC8529 /* Base */ = {isa = PBXFileReference; lastKnownFileType = file.storyboard; name = Base; path = Base.lproj/Main.storyboard; sourceTree = "<group>"; };
		AAF5599E2A66460600FC8529 /* Assets.xcassets */ = {isa = PBXFileReference; lastKnownFileType = folder.assetcatalog; path = Assets.xcassets; sourceTree = "<group>"; };
		AAF559A12A66460600FC8529 /* Base */ = {isa = PBXFileReference; lastKnownFileType = file.storyboard; name = Base; path = Base.lproj/LaunchScreen.storyboard; sourceTree = "<group>"; };
		AAF559A32A66460600FC8529 /* Info.plist */ = {isa = PBXFileReference; lastKnownFileType = text.plist.xml; path = Info.plist; sourceTree = "<group>"; };
		AAF559AD2A66468D00FC8529 /* AllPokemonViewController.swift */ = {isa = PBXFileReference; lastKnownFileType = sourcecode.swift; path = AllPokemonViewController.swift; sourceTree = "<group>"; };
		AAF559AE2A66468D00FC8529 /* AllPokemonViewController.xib */ = {isa = PBXFileReference; lastKnownFileType = file.xib; path = AllPokemonViewController.xib; sourceTree = "<group>"; };
		AAF559B42A6647C400FC8529 /* PokemonListTableViewCell.swift */ = {isa = PBXFileReference; lastKnownFileType = sourcecode.swift; path = PokemonListTableViewCell.swift; sourceTree = "<group>"; };
		AAF559B52A6647C400FC8529 /* PokemonListTableViewCell.xib */ = {isa = PBXFileReference; lastKnownFileType = file.xib; path = PokemonListTableViewCell.xib; sourceTree = "<group>"; };
		AAF559B82A66490F00FC8529 /* AllPokemonViewControllerExtesion.swift */ = {isa = PBXFileReference; lastKnownFileType = sourcecode.swift; path = AllPokemonViewControllerExtesion.swift; sourceTree = "<group>"; };
		AAF559BC2A664A9800FC8529 /* Extension.swift */ = {isa = PBXFileReference; lastKnownFileType = sourcecode.swift; path = Extension.swift; sourceTree = "<group>"; };
/* End PBXFileReference section */

/* Begin PBXFrameworksBuildPhase section */
		AAF5598F2A66460200FC8529 /* Frameworks */ = {
			isa = PBXFrameworksBuildPhase;
			buildActionMask = 2147483647;
			files = (
				AAF559C02A664F4000FC8529 /* Alamofire in Frameworks */,
			);
			runOnlyForDeploymentPostprocessing = 0;
		};
/* End PBXFrameworksBuildPhase section */

/* Begin PBXGroup section */
		AA3774F02A68E693005790E6 /* MainManagerService */ = {
			isa = PBXGroup;
			children = (
				AA3774F12A68E81F005790E6 /* MainManagerService.swift */,
			);
			path = MainManagerService;
			sourceTree = "<group>";
		};
		AAF559892A66460200FC8529 = {
			isa = PBXGroup;
			children = (
				AAF559942A66460200FC8529 /* Pokedex */,
				AAF559932A66460200FC8529 /* Products */,
			);
			sourceTree = "<group>";
		};
		AAF559932A66460200FC8529 /* Products */ = {
			isa = PBXGroup;
			children = (
				AAF559922A66460200FC8529 /* Pokedex.app */,
			);
			name = Products;
			sourceTree = "<group>";
		};
		AAF559942A66460200FC8529 /* Pokedex */ = {
			isa = PBXGroup;
			children = (
				AAF559BA2A664A5D00FC8529 /* Commons */,
				AAF559B12A66476900FC8529 /* Views */,
				AAF559AB2A66464500FC8529 /* Servicios */,
				AAF559AA2A66463E00FC8529 /* Modelo */,
				AAF559A92A66462B00FC8529 /* Controller */,
				AAF559952A66460200FC8529 /* AppDelegate.swift */,
				AAF559972A66460200FC8529 /* SceneDelegate.swift */,
				AAF559992A66460200FC8529 /* ViewController.swift */,
				AAF5599B2A66460200FC8529 /* Main.storyboard */,
				AAF5599E2A66460600FC8529 /* Assets.xcassets */,
				AAF559A02A66460600FC8529 /* LaunchScreen.storyboard */,
				AAF559A32A66460600FC8529 /* Info.plist */,
			);
			path = Pokedex;
			sourceTree = "<group>";
		};
		AAF559A92A66462B00FC8529 /* Controller */ = {
			isa = PBXGroup;
			children = (
				AAF559AC2A66465C00FC8529 /* AllPokemonList */,
			);
			path = Controller;
			sourceTree = "<group>";
		};
		AAF559AA2A66463E00FC8529 /* Modelo */ = {
			isa = PBXGroup;
			children = (
				AA63B3062A68EF6F00E3E2AE /* Pokemon.swift */,
				AA63B30A2A68EFE900E3E2AE /* Descriptions.swift */,
				AA63B3082A68EFE800E3E2AE /* Language.swift */,
				AA63B3092A68EFE900E3E2AE /* Names.swift */,
				AA63B30B2A68EFE900E3E2AE /* Pokemon_entries.swift */,
				AA63B30C2A68EFE900E3E2AE /* Pokemon_species.swift */,
			);
			path = Modelo;
			sourceTree = "<group>";
		};
		AAF559AB2A66464500FC8529 /* Servicios */ = {
			isa = PBXGroup;
			children = (
				AA3774F02A68E693005790E6 /* MainManagerService */,
			);
			path = Servicios;
			sourceTree = "<group>";
		};
		AAF559AC2A66465C00FC8529 /* AllPokemonList */ = {
			isa = PBXGroup;
			children = (
				AAF559AD2A66468D00FC8529 /* AllPokemonViewController.swift */,
				AAF559B82A66490F00FC8529 /* AllPokemonViewControllerExtesion.swift */,
				AAF559AE2A66468D00FC8529 /* AllPokemonViewController.xib */,
			);
			path = AllPokemonList;
			sourceTree = "<group>";
		};
		AAF559B12A66476900FC8529 /* Views */ = {
			isa = PBXGroup;
			children = (
				AAF559B22A66477800FC8529 /* TableviewCell */,
			);
			path = Views;
			sourceTree = "<group>";
		};
		AAF559B22A66477800FC8529 /* TableviewCell */ = {
			isa = PBXGroup;
			children = (
				AAF559B32A66478A00FC8529 /* pokemonList */,
			);
			path = TableviewCell;
			sourceTree = "<group>";
		};
		AAF559B32A66478A00FC8529 /* pokemonList */ = {
			isa = PBXGroup;
			children = (
				AAF559B42A6647C400FC8529 /* PokemonListTableViewCell.swift */,
				AAF559B52A6647C400FC8529 /* PokemonListTableViewCell.xib */,
			);
			path = pokemonList;
			sourceTree = "<group>";
		};
		AAF559BA2A664A5D00FC8529 /* Commons */ = {
			isa = PBXGroup;
			children = (
				AAF559BB2A664A7200FC8529 /* Extension */,
			);
			path = Commons;
			sourceTree = "<group>";
		};
		AAF559BB2A664A7200FC8529 /* Extension */ = {
			isa = PBXGroup;
			children = (
				AAF559BC2A664A9800FC8529 /* Extension.swift */,
			);
			path = Extension;
			sourceTree = "<group>";
		};
/* End PBXGroup section */

/* Begin PBXNativeTarget section */
		AAF559912A66460200FC8529 /* Pokedex */ = {
			isa = PBXNativeTarget;
			buildConfigurationList = AAF559A62A66460600FC8529 /* Build configuration list for PBXNativeTarget "Pokedex" */;
			buildPhases = (
				AAF5598E2A66460200FC8529 /* Sources */,
				AAF5598F2A66460200FC8529 /* Frameworks */,
				AAF559902A66460200FC8529 /* Resources */,
			);
			buildRules = (
			);
			dependencies = (
			);
			name = Pokedex;
			packageProductDependencies = (
				AAF559BF2A664F4000FC8529 /* Alamofire */,
			);
			productName = Pokedex;
			productReference = AAF559922A66460200FC8529 /* Pokedex.app */;
			productType = "com.apple.product-type.application";
		};
/* End PBXNativeTarget section */

/* Begin PBXProject section */
		AAF5598A2A66460200FC8529 /* Project object */ = {
			isa = PBXProject;
			attributes = {
				BuildIndependentTargetsInParallel = 1;
				LastSwiftUpdateCheck = 1420;
				LastUpgradeCheck = 1420;
				TargetAttributes = {
					AAF559912A66460200FC8529 = {
						CreatedOnToolsVersion = 14.2;
					};
				};
			};
			buildConfigurationList = AAF5598D2A66460200FC8529 /* Build configuration list for PBXProject "Pokedex" */;
			compatibilityVersion = "Xcode 14.0";
			developmentRegion = en;
			hasScannedForEncodings = 0;
			knownRegions = (
				en,
				Base,
			);
			mainGroup = AAF559892A66460200FC8529;
			packageReferences = (
				AAF559BE2A664F4000FC8529 /* XCRemoteSwiftPackageReference "Alamofire" */,
			);
			productRefGroup = AAF559932A66460200FC8529 /* Products */;
			projectDirPath = "";
			projectRoot = "";
			targets = (
				AAF559912A66460200FC8529 /* Pokedex */,
			);
		};
/* End PBXProject section */

/* Begin PBXResourcesBuildPhase section */
		AAF559902A66460200FC8529 /* Resources */ = {
			isa = PBXResourcesBuildPhase;
			buildActionMask = 2147483647;
			files = (
				AAF559B72A6647C400FC8529 /* PokemonListTableViewCell.xib in Resources */,
				AAF559A22A66460600FC8529 /* LaunchScreen.storyboard in Resources */,
				AAF5599F2A66460600FC8529 /* Assets.xcassets in Resources */,
				AAF559B02A66468D00FC8529 /* AllPokemonViewController.xib in Resources */,
				AAF5599D2A66460200FC8529 /* Main.storyboard in Resources */,
			);
			runOnlyForDeploymentPostprocessing = 0;
		};
/* End PBXResourcesBuildPhase section */

/* Begin PBXSourcesBuildPhase section */
		AAF5598E2A66460200FC8529 /* Sources */ = {
			isa = PBXSourcesBuildPhase;
			buildActionMask = 2147483647;
			files = (
				AA63B30F2A68EFE900E3E2AE /* Descriptions.swift in Sources */,
				AAF5599A2A66460200FC8529 /* ViewController.swift in Sources */,
				AA63B3112A68EFE900E3E2AE /* Pokemon_species.swift in Sources */,
				AA63B3102A68EFE900E3E2AE /* Pokemon_entries.swift in Sources */,
				AA63B30D2A68EFE900E3E2AE /* Language.swift in Sources */,
				AAF559B62A6647C400FC8529 /* PokemonListTableViewCell.swift in Sources */,
				AAF559BD2A664A9800FC8529 /* Extension.swift in Sources */,
				AAF559962A66460200FC8529 /* AppDelegate.swift in Sources */,
				AA63B30E2A68EFE900E3E2AE /* Names.swift in Sources */,
				AA3774F22A68E81F005790E6 /* MainManagerService.swift in Sources */,
				AA63B3072A68EF6F00E3E2AE /* Pokemon.swift in Sources */,
				AAF559B92A66490F00FC8529 /* AllPokemonViewControllerExtesion.swift in Sources */,
				AAF559AF2A66468D00FC8529 /* AllPokemonViewController.swift in Sources */,
				AAF559982A66460200FC8529 /* SceneDelegate.swift in Sources */,
			);
			runOnlyForDeploymentPostprocessing = 0;
		};
/* End PBXSourcesBuildPhase section */

/* Begin PBXVariantGroup section */
		AAF5599B2A66460200FC8529 /* Main.storyboard */ = {
			isa = PBXVariantGroup;
			children = (
				AAF5599C2A66460200FC8529 /* Base */,
			);
			name = Main.storyboard;
			sourceTree = "<group>";
		};
		AAF559A02A66460600FC8529 /* LaunchScreen.storyboard */ = {
			isa = PBXVariantGroup;
			children = (
				AAF559A12A66460600FC8529 /* Base */,
			);
			name = LaunchScreen.storyboard;
			sourceTree = "<group>";
		};
/* End PBXVariantGroup section */

/* Begin XCBuildConfiguration section */
		AAF559A42A66460600FC8529 /* Debug */ = {
			isa = XCBuildConfiguration;
			buildSettings = {
				ALWAYS_SEARCH_USER_PATHS = NO;
				CLANG_ANALYZER_NONNULL = YES;
				CLANG_ANALYZER_NUMBER_OBJECT_CONVERSION = YES_AGGRESSIVE;
				CLANG_CXX_LANGUAGE_STANDARD = "gnu++20";
				CLANG_ENABLE_MODULES = YES;
				CLANG_ENABLE_OBJC_ARC = YES;
				CLANG_ENABLE_OBJC_WEAK = YES;
				CLANG_WARN_BLOCK_CAPTURE_AUTORELEASING = YES;
				CLANG_WARN_BOOL_CONVERSION = YES;
				CLANG_WARN_COMMA = YES;
				CLANG_WARN_CONSTANT_CONVERSION = YES;
				CLANG_WARN_DEPRECATED_OBJC_IMPLEMENTATIONS = YES;
				CLANG_WARN_DIRECT_OBJC_ISA_USAGE = YES_ERROR;
				CLANG_WARN_DOCUMENTATION_COMMENTS = YES;
				CLANG_WARN_EMPTY_BODY = YES;
				CLANG_WARN_ENUM_CONVERSION = YES;
				CLANG_WARN_INFINITE_RECURSION = YES;
				CLANG_WARN_INT_CONVERSION = YES;
				CLANG_WARN_NON_LITERAL_NULL_CONVERSION = YES;
				CLANG_WARN_OBJC_IMPLICIT_RETAIN_SELF = YES;
				CLANG_WARN_OBJC_LITERAL_CONVERSION = YES;
				CLANG_WARN_OBJC_ROOT_CLASS = YES_ERROR;
				CLANG_WARN_QUOTED_INCLUDE_IN_FRAMEWORK_HEADER = YES;
				CLANG_WARN_RANGE_LOOP_ANALYSIS = YES;
				CLANG_WARN_STRICT_PROTOTYPES = YES;
				CLANG_WARN_SUSPICIOUS_MOVE = YES;
				CLANG_WARN_UNGUARDED_AVAILABILITY = YES_AGGRESSIVE;
				CLANG_WARN_UNREACHABLE_CODE = YES;
				CLANG_WARN__DUPLICATE_METHOD_MATCH = YES;
				COPY_PHASE_STRIP = NO;
				DEBUG_INFORMATION_FORMAT = dwarf;
				ENABLE_STRICT_OBJC_MSGSEND = YES;
				ENABLE_TESTABILITY = YES;
				GCC_C_LANGUAGE_STANDARD = gnu11;
				GCC_DYNAMIC_NO_PIC = NO;
				GCC_NO_COMMON_BLOCKS = YES;
				GCC_OPTIMIZATION_LEVEL = 0;
				GCC_PREPROCESSOR_DEFINITIONS = (
					"DEBUG=1",
					"$(inherited)",
				);
				GCC_WARN_64_TO_32_BIT_CONVERSION = YES;
				GCC_WARN_ABOUT_RETURN_TYPE = YES_ERROR;
				GCC_WARN_UNDECLARED_SELECTOR = YES;
				GCC_WARN_UNINITIALIZED_AUTOS = YES_AGGRESSIVE;
				GCC_WARN_UNUSED_FUNCTION = YES;
				GCC_WARN_UNUSED_VARIABLE = YES;
				IPHONEOS_DEPLOYMENT_TARGET = 14.0;
				MTL_ENABLE_DEBUG_INFO = INCLUDE_SOURCE;
				MTL_FAST_MATH = YES;
				ONLY_ACTIVE_ARCH = YES;
				SDKROOT = iphoneos;
				SWIFT_ACTIVE_COMPILATION_CONDITIONS = DEBUG;
				SWIFT_OPTIMIZATION_LEVEL = "-Onone";
			};
			name = Debug;
		};
		AAF559A52A66460600FC8529 /* Release */ = {
			isa = XCBuildConfiguration;
			buildSettings = {
				ALWAYS_SEARCH_USER_PATHS = NO;
				CLANG_ANALYZER_NONNULL = YES;
				CLANG_ANALYZER_NUMBER_OBJECT_CONVERSION = YES_AGGRESSIVE;
				CLANG_CXX_LANGUAGE_STANDARD = "gnu++20";
				CLANG_ENABLE_MODULES = YES;
				CLANG_ENABLE_OBJC_ARC = YES;
				CLANG_ENABLE_OBJC_WEAK = YES;
				CLANG_WARN_BLOCK_CAPTURE_AUTORELEASING = YES;
				CLANG_WARN_BOOL_CONVERSION = YES;
				CLANG_WARN_COMMA = YES;
				CLANG_WARN_CONSTANT_CONVERSION = YES;
				CLANG_WARN_DEPRECATED_OBJC_IMPLEMENTATIONS = YES;
				CLANG_WARN_DIRECT_OBJC_ISA_USAGE = YES_ERROR;
				CLANG_WARN_DOCUMENTATION_COMMENTS = YES;
				CLANG_WARN_EMPTY_BODY = YES;
				CLANG_WARN_ENUM_CONVERSION = YES;
				CLANG_WARN_INFINITE_RECURSION = YES;
				CLANG_WARN_INT_CONVERSION = YES;
				CLANG_WARN_NON_LITERAL_NULL_CONVERSION = YES;
				CLANG_WARN_OBJC_IMPLICIT_RETAIN_SELF = YES;
				CLANG_WARN_OBJC_LITERAL_CONVERSION = YES;
				CLANG_WARN_OBJC_ROOT_CLASS = YES_ERROR;
				CLANG_WARN_QUOTED_INCLUDE_IN_FRAMEWORK_HEADER = YES;
				CLANG_WARN_RANGE_LOOP_ANALYSIS = YES;
				CLANG_WARN_STRICT_PROTOTYPES = YES;
				CLANG_WARN_SUSPICIOUS_MOVE = YES;
				CLANG_WARN_UNGUARDED_AVAILABILITY = YES_AGGRESSIVE;
				CLANG_WARN_UNREACHABLE_CODE = YES;
				CLANG_WARN__DUPLICATE_METHOD_MATCH = YES;
				COPY_PHASE_STRIP = NO;
				DEBUG_INFORMATION_FORMAT = "dwarf-with-dsym";
				ENABLE_NS_ASSERTIONS = NO;
				ENABLE_STRICT_OBJC_MSGSEND = YES;
				GCC_C_LANGUAGE_STANDARD = gnu11;
				GCC_NO_COMMON_BLOCKS = YES;
				GCC_WARN_64_TO_32_BIT_CONVERSION = YES;
				GCC_WARN_ABOUT_RETURN_TYPE = YES_ERROR;
				GCC_WARN_UNDECLARED_SELECTOR = YES;
				GCC_WARN_UNINITIALIZED_AUTOS = YES_AGGRESSIVE;
				GCC_WARN_UNUSED_FUNCTION = YES;
				GCC_WARN_UNUSED_VARIABLE = YES;
				IPHONEOS_DEPLOYMENT_TARGET = 14.0;
				MTL_ENABLE_DEBUG_INFO = NO;
				MTL_FAST_MATH = YES;
				SDKROOT = iphoneos;
				SWIFT_COMPILATION_MODE = wholemodule;
				SWIFT_OPTIMIZATION_LEVEL = "-O";
				VALIDATE_PRODUCT = YES;
			};
			name = Release;
		};
		AAF559A72A66460600FC8529 /* Debug */ = {
			isa = XCBuildConfiguration;
			buildSettings = {
				ASSETCATALOG_COMPILER_APPICON_NAME = AppIcon;
				ASSETCATALOG_COMPILER_GLOBAL_ACCENT_COLOR_NAME = AccentColor;
				CODE_SIGN_STYLE = Automatic;
				CURRENT_PROJECT_VERSION = 1;
				GENERATE_INFOPLIST_FILE = YES;
				INFOPLIST_FILE = Pokedex/Info.plist;
				INFOPLIST_KEY_UIApplicationSupportsIndirectInputEvents = YES;
				INFOPLIST_KEY_UILaunchStoryboardName = LaunchScreen;
				INFOPLIST_KEY_UIMainStoryboardFile = Main;
				INFOPLIST_KEY_UISupportedInterfaceOrientations_iPad = "UIInterfaceOrientationPortrait UIInterfaceOrientationPortraitUpsideDown UIInterfaceOrientationLandscapeLeft UIInterfaceOrientationLandscapeRight";
				INFOPLIST_KEY_UISupportedInterfaceOrientations_iPhone = "UIInterfaceOrientationPortrait UIInterfaceOrientationLandscapeLeft UIInterfaceOrientationLandscapeRight";
				IPHONEOS_DEPLOYMENT_TARGET = 14.0;
				LD_RUNPATH_SEARCH_PATHS = (
					"$(inherited)",
					"@executable_path/Frameworks",
				);
				MARKETING_VERSION = 1.0;
				PRODUCT_BUNDLE_IDENTIFIER = MA.Pokedex;
				PRODUCT_NAME = "$(TARGET_NAME)";
				SUPPORTED_PLATFORMS = "iphoneos iphonesimulator";
				SUPPORTS_MACCATALYST = NO;
				SUPPORTS_MAC_DESIGNED_FOR_IPHONE_IPAD = NO;
				SWIFT_EMIT_LOC_STRINGS = YES;
				SWIFT_VERSION = 5.0;
				TARGETED_DEVICE_FAMILY = 1;
			};
			name = Debug;
		};
		AAF559A82A66460600FC8529 /* Release */ = {
			isa = XCBuildConfiguration;
			buildSettings = {
				ASSETCATALOG_COMPILER_APPICON_NAME = AppIcon;
				ASSETCATALOG_COMPILER_GLOBAL_ACCENT_COLOR_NAME = AccentColor;
				CODE_SIGN_STYLE = Automatic;
				CURRENT_PROJECT_VERSION = 1;
				GENERATE_INFOPLIST_FILE = YES;
				INFOPLIST_FILE = Pokedex/Info.plist;
				INFOPLIST_KEY_UIApplicationSupportsIndirectInputEvents = YES;
				INFOPLIST_KEY_UILaunchStoryboardName = LaunchScreen;
				INFOPLIST_KEY_UIMainStoryboardFile = Main;
				INFOPLIST_KEY_UISupportedInterfaceOrientations_iPad = "UIInterfaceOrientationPortrait UIInterfaceOrientationPortraitUpsideDown UIInterfaceOrientationLandscapeLeft UIInterfaceOrientationLandscapeRight";
				INFOPLIST_KEY_UISupportedInterfaceOrientations_iPhone = "UIInterfaceOrientationPortrait UIInterfaceOrientationLandscapeLeft UIInterfaceOrientationLandscapeRight";
				IPHONEOS_DEPLOYMENT_TARGET = 14.0;
				LD_RUNPATH_SEARCH_PATHS = (
					"$(inherited)",
					"@executable_path/Frameworks",
				);
				MARKETING_VERSION = 1.0;
				PRODUCT_BUNDLE_IDENTIFIER = MA.Pokedex;
				PRODUCT_NAME = "$(TARGET_NAME)";
				SUPPORTED_PLATFORMS = "iphoneos iphonesimulator";
				SUPPORTS_MACCATALYST = NO;
				SUPPORTS_MAC_DESIGNED_FOR_IPHONE_IPAD = NO;
				SWIFT_EMIT_LOC_STRINGS = YES;
				SWIFT_VERSION = 5.0;
				TARGETED_DEVICE_FAMILY = 1;
			};
			name = Release;
		};
/* End XCBuildConfiguration section */

/* Begin XCConfigurationList section */
		AAF5598D2A66460200FC8529 /* Build configuration list for PBXProject "Pokedex" */ = {
			isa = XCConfigurationList;
			buildConfigurations = (
				AAF559A42A66460600FC8529 /* Debug */,
				AAF559A52A66460600FC8529 /* Release */,
			);
			defaultConfigurationIsVisible = 0;
			defaultConfigurationName = Release;
		};
		AAF559A62A66460600FC8529 /* Build configuration list for PBXNativeTarget "Pokedex" */ = {
			isa = XCConfigurationList;
			buildConfigurations = (
				AAF559A72A66460600FC8529 /* Debug */,
				AAF559A82A66460600FC8529 /* Release */,
			);
			defaultConfigurationIsVisible = 0;
			defaultConfigurationName = Release;
		};
/* End XCConfigurationList section */

/* Begin XCRemoteSwiftPackageReference section */
		AAF559BE2A664F4000FC8529 /* XCRemoteSwiftPackageReference "Alamofire" */ = {
			isa = XCRemoteSwiftPackageReference;
			repositoryURL = "https://github.com/Alamofire/Alamofire.git";
			requirement = {
				kind = upToNextMajorVersion;
				minimumVersion = 5.0.0;
			};
		};
/* End XCRemoteSwiftPackageReference section */

/* Begin XCSwiftPackageProductDependency section */
		AAF559BF2A664F4000FC8529 /* Alamofire */ = {
			isa = XCSwiftPackageProductDependency;
			package = AAF559BE2A664F4000FC8529 /* XCRemoteSwiftPackageReference "Alamofire" */;
			productName = Alamofire;
		};
/* End XCSwiftPackageProductDependency section */
	};
	rootObject = AAF5598A2A66460200FC8529 /* Project object */;
}
